
Microsoft Visual Studio Solution File, Format Version 12.00
# Visual Studio Version 16
VisualStudioVersion = 16.0.29709.97
MinimumVisualStudioVersion = 10.0.40219.1
Project("{FAE04EC0-301F-11D3-BF4B-00C04F79EFBC}") = "BlowFish Cypher App", "BlowFish Cypher App\BlowFish Cypher App.csproj", "{E0CF5FA5-9F43-4E6D-BDE9-1ACC18385D0A}"
EndProject
Global
	GlobalSection(SolutionConfigurationPlatforms) = preSolution
		Debug|Any CPU = Debug|Any CPU
		Release|Any CPU = Release|Any CPU
	EndGlobalSection
	GlobalSection(ProjectConfigurationPlatforms) = postSolution
		{E0CF5FA5-9F43-4E6D-BDE9-1ACC18385D0A}.Debug|Any CPU.ActiveCfg = Debug|Any CPU
		{E0CF5FA5-9F43-4E6D-BDE9-1ACC18385D0A}.Debug|Any CPU.Build.0 = Debug|Any CPU
		{E0CF5FA5-9F43-4E6D-BDE9-1ACC18385D0A}.Release|Any CPU.ActiveCfg = Release|Any CPU
		{E0CF5FA5-9F43-4E6D-BDE9-1ACC18385D0A}.Release|Any CPU.Build.0 = Release|Any CPU
	EndGlobalSection
	GlobalSection(SolutionProperties) = preSolution
		HideSolutionNode = FALSE
	EndGlobalSection
	GlobalSection(ExtensibilityGlobals) = postSolution
		SolutionGuid = {E2646B1B-AA19-4B3C-8A20-2315C6C0FAAC}
	EndGlobalSection
EndGlobal
